<?xml version="1.0" encoding="utf-8"?>
<Project ToolsVersion="4.0" xmlns="http://schemas.microsoft.com/developer/msbuild/2003">
  <ItemGroup>
    <Filter Include="Pliki źródłowe">
      <UniqueIdentifier>{4FC737F1-C7A5-4376-A066-2A32D752A2FF}</UniqueIdentifier>
      <Extensions>cpp;c;cc;cxx;c++;def;odl;idl;hpj;bat;asm;asmx</Extensions>
    </Filter>
    <Filter Include="other">
      <UniqueIdentifier>{bdb009e0-bb24-47c0-8418-261880a0199d}</UniqueIdentifier>
    </Filter>
    <Filter Include="Pliki źródłowe\System">
      <UniqueIdentifier>{cbeac712-8caa-427c-8e7e-4c0c6e869d5e}</UniqueIdentifier>
    </Filter>
    <Filter Include="Pliki źródłowe\System\addoans">
      <UniqueIdentifier>{937451c9-6042-49f2-a82b-5c3de592327c}</UniqueIdentifier>
    </Filter>
    <Filter Include="Pliki źródłowe\System\addoans\logger">
      <UniqueIdentifier>{8624bc59-13a2-4ae0-89d9-738e5bf6b78c}</UniqueIdentifier>
    </Filter>
    <Filter Include="Pliki źródłowe\System\addoans\test">
      <UniqueIdentifier>{3b64ce60-43d6-44b1-a953-b07dd520f84c}</UniqueIdentifier>
    </Filter>
  </ItemGroup>
  <ItemGroup>
    <ClCompile Include="Translator.cpp">
      <Filter>Pliki źródłowe</Filter>
    </ClCompile>
    <ClCompile Include="BasicTest.cpp">
      <Filter>Pliki źródłowe\System\addoans\test</Filter>
    </ClCompile>
    <ClCompile Include="addons\Logger.cpp">
      <Filter>Pliki źródłowe\System\addoans\logger</Filter>
    </ClCompile>
  </ItemGroup>
  <ItemGroup>
    <None Include="..\.gitignore">
      <Filter>other</Filter>
    </None>
    <None Include="..\README.md">
      <Filter>other</Filter>
    </None>
  </ItemGroup>
  <ItemGroup>
    <ClInclude Include="BasicTest.h">
      <Filter>Pliki źródłowe\System\addoans\test</Filter>
    </ClInclude>
    <ClInclude Include="addons\Logger.h">
      <Filter>Pliki źródłowe\System\addoans\logger</Filter>
    </ClInclude>
  </ItemGroup>
</Project>