<?xml version="1.0" encoding="utf-8"?>
<Project ToolsVersion="4.0" xmlns="http://schemas.microsoft.com/developer/msbuild/2003">
  <ItemGroup>
    <Filter Include="Pliki źródłowe">
      <UniqueIdentifier>{4FC737F1-C7A5-4376-A066-2A32D752A2FF}</UniqueIdentifier>
      <Extensions>cpp;c;cc;cxx;c++;def;odl;idl;hpj;bat;asm;asmx</Extensions>
    </Filter>
    <Filter Include="other">
      <UniqueIdentifier>{bdb009e0-bb24-47c0-8418-261880a0199d}</UniqueIdentifier>
    </Filter>
    <Filter Include="Pliki źródłowe\System">
      <UniqueIdentifier>{cbeac712-8caa-427c-8e7e-4c0c6e869d5e}</UniqueIdentifier>
    </Filter>
    <Filter Include="Pliki źródłowe\System\addoans">
      <UniqueIdentifier>{937451c9-6042-49f2-a82b-5c3de592327c}</UniqueIdentifier>
    </Filter>
    <Filter Include="Pliki źródłowe\System\addoans\logger">
      <UniqueIdentifier>{8624bc59-13a2-4ae0-89d9-738e5bf6b78c}</UniqueIdentifier>
    </Filter>
    <Filter Include="Pliki źródłowe\System\addoans\test">
      <UniqueIdentifier>{3b64ce60-43d6-44b1-a953-b07dd520f84c}</UniqueIdentifier>
    </Filter>
    <Filter Include="Pliki źródłowe\lekser">
      <UniqueIdentifier>{14101935-29e4-49e0-a6f3-ca7273377162}</UniqueIdentifier>
    </Filter>
    <Filter Include="Pliki źródłowe\lekser\regex">
      <UniqueIdentifier>{ea2ee991-0812-4ef9-94f9-794c0ba14cac}</UniqueIdentifier>
    </Filter>
    <Filter Include="Pliki źródłowe\lekser\regex\dto">
      <UniqueIdentifier>{36e428de-1b14-4f9a-9f8b-117001e44ffb}</UniqueIdentifier>
    </Filter>
    <Filter Include="Pliki źródłowe\System\exception">
      <UniqueIdentifier>{5f4cbcd4-d100-48aa-983f-b38466322ab3}</UniqueIdentifier>
    </Filter>
  </ItemGroup>
  <ItemGroup>
    <ClCompile Include="Translator.cpp">
      <Filter>Pliki źródłowe</Filter>
    </ClCompile>
    <ClCompile Include="addons\Logger.cpp">
      <Filter>Pliki źródłowe\System\addoans\logger</Filter>
    </ClCompile>
    <ClCompile Include="addons\BasicTest.cpp">
      <Filter>Pliki źródłowe\System\addoans\test</Filter>
    </ClCompile>
    <ClCompile Include="lekser\regex\RegexNode.cpp">
      <Filter>Pliki źródłowe\lekser\regex\dto</Filter>
    </ClCompile>
    <ClCompile Include="lekser\regex\RegexService.cpp">
      <Filter>Pliki źródłowe\lekser\regex</Filter>
    </ClCompile>
    <ClCompile Include="lekser\regex\PreviewElement.cpp">
      <Filter>Pliki źródłowe\lekser\regex\dto</Filter>
    </ClCompile>
    <ClCompile Include="lekser\regex\RegexConstructorSyntaxTree.cpp">
      <Filter>Pliki źródłowe\lekser\regex</Filter>
    </ClCompile>
    <ClCompile Include="pointerTest.cpp">
      <Filter>Pliki źródłowe</Filter>
    </ClCompile>
  </ItemGroup>
  <ItemGroup>
    <None Include="..\.gitignore">
      <Filter>other</Filter>
    </None>
    <None Include="..\README.md">
      <Filter>other</Filter>
    </None>
  </ItemGroup>
  <ItemGroup>
    <ClInclude Include="addons\Logger.h">
      <Filter>Pliki źródłowe\System\addoans\logger</Filter>
    </ClInclude>
    <ClInclude Include="addons\BasicTest.h">
      <Filter>Pliki źródłowe\System\addoans\test</Filter>
    </ClInclude>
    <ClInclude Include="lekser\regex\RegexService.h">
      <Filter>Pliki źródłowe\lekser\regex</Filter>
    </ClInclude>
    <ClInclude Include="lekser\regex\RegexNode.h">
      <Filter>Pliki źródłowe\lekser\regex\dto</Filter>
    </ClInclude>
    <ClInclude Include="lekser\regex\RegexNodeType.h">
      <Filter>Pliki źródłowe\lekser\regex\dto</Filter>
    </ClInclude>
    <ClInclude Include="addons\RegexException.h">
      <Filter>Pliki źródłowe\System\exception</Filter>
    </ClInclude>
    <ClInclude Include="lekser\regex\PreviewElement.h">
      <Filter>Pliki źródłowe\lekser\regex\dto</Filter>
    </ClInclude>
    <ClInclude Include="lekser\regex\RegexConstructorSyntaxTree.h">
      <Filter>Pliki źródłowe\lekser\regex</Filter>
    </ClInclude>
    <ClInclude Include="pointerTest.h" />
  </ItemGroup>
</Project>